// !$*UTF8*$!
{
	archiveVersion = 1;
	classes = {
	};
	objectVersion = 48;
	objects = {

/* Begin PBXBuildFile section */
		567DDF892010FFD400906E80 /* StyleGenerator.swift in Sources */ = {isa = PBXBuildFile; fileRef = 567DDF882010FFD400906E80 /* StyleGenerator.swift */; };
		567DDF8B2011018F00906E80 /* UIColor+CMPAdditions.swift in Sources */ = {isa = PBXBuildFile; fileRef = 567DDF8A2011018F00906E80 /* UIColor+CMPAdditions.swift */; };
		568FBC2B2011FB620027001F /* String+Ext.swift in Sources */ = {isa = PBXBuildFile; fileRef = 568FBC2A2011FB620027001F /* String+Ext.swift */; };
		568FBC2F20120CB50027001F /* Localizable.strings in Resources */ = {isa = PBXBuildFile; fileRef = 568FBC2E20120CB50027001F /* Localizable.strings */; };
		568FBC3620121B450027001F /* EventHandler.swift in Sources */ = {isa = PBXBuildFile; fileRef = 568FBC3520121B450027001F /* EventHandler.swift */; };
		56943BB4200E0D63001E2D75 /* Assets.xcassets in Resources */ = {isa = PBXBuildFile; fileRef = 56943BB3200E0D63001E2D75 /* Assets.xcassets */; };
		56943BC2200E0D63001E2D75 /* BookingComponentTests.swift in Sources */ = {isa = PBXBuildFile; fileRef = 56943BC1200E0D63001E2D75 /* BookingComponentTests.swift */; };
		56943BD0200E1045001E2D75 /* VendorModel.swift in Sources */ = {isa = PBXBuildFile; fileRef = 56943BCF200E1045001E2D75 /* VendorModel.swift */; };
		56943BD5200E109B001E2D75 /* AppDelegate.swift in Sources */ = {isa = PBXBuildFile; fileRef = 56943BD2200E109B001E2D75 /* AppDelegate.swift */; };
		56943BD6200E109B001E2D75 /* Info.plist in Resources */ = {isa = PBXBuildFile; fileRef = 56943BD4200E109B001E2D75 /* Info.plist */; };
		56943BD9200E10BB001E2D75 /* MainVC.swift in Sources */ = {isa = PBXBuildFile; fileRef = 56943BD8200E10BB001E2D75 /* MainVC.swift */; };
		56943BDB200E10CD001E2D75 /* CustomerModel.swift in Sources */ = {isa = PBXBuildFile; fileRef = 56943BDA200E10CD001E2D75 /* CustomerModel.swift */; };
		56943BDD200E110C001E2D75 /* DataStructHelper.swift in Sources */ = {isa = PBXBuildFile; fileRef = 56943BDC200E110C001E2D75 /* DataStructHelper.swift */; };
		56943BE0200E2B2D001E2D75 /* Date+Ext.swift in Sources */ = {isa = PBXBuildFile; fileRef = 56943BDF200E2B2D001E2D75 /* Date+Ext.swift */; };
		56943BE6200E5456001E2D75 /* BookingController.swift in Sources */ = {isa = PBXBuildFile; fileRef = 56943BE5200E5456001E2D75 /* BookingController.swift */; };
		68985228A4E4A004A0B2957C /* Pods_BookingComponentTests.framework in Frameworks */ = {isa = PBXBuildFile; fileRef = B9C3320D57261431256F61D4 /* Pods_BookingComponentTests.framework */; };
		E709DD8C1F666F01C414D3AE /* Pods_BookingComponent.framework in Frameworks */ = {isa = PBXBuildFile; fileRef = A940503C780E7EC429B7FAC4 /* Pods_BookingComponent.framework */; };
/* End PBXBuildFile section */

/* Begin PBXContainerItemProxy section */
		56943BBE200E0D63001E2D75 /* PBXContainerItemProxy */ = {
			isa = PBXContainerItemProxy;
			containerPortal = 56943BA1200E0D63001E2D75 /* Project object */;
			proxyType = 1;
			remoteGlobalIDString = 56943BA8200E0D63001E2D75;
			remoteInfo = BookingComponent;
		};
/* End PBXContainerItemProxy section */

/* Begin PBXFileReference section */
		308D1DC8CA5415FE5F71A754 /* Pods-BookingComponent.debug.xcconfig */ = {isa = PBXFileReference; includeInIndex = 1; lastKnownFileType = text.xcconfig; name = "Pods-BookingComponent.debug.xcconfig"; path = "Pods/Target Support Files/Pods-BookingComponent/Pods-BookingComponent.debug.xcconfig"; sourceTree = "<group>"; };
		31C183A5285AF8DAD2F441B5 /* Pods-BookingComponent-BookingComponentTests.debug.xcconfig */ = {isa = PBXFileReference; includeInIndex = 1; lastKnownFileType = text.xcconfig; name = "Pods-BookingComponent-BookingComponentTests.debug.xcconfig"; path = "Pods/Target Support Files/Pods-BookingComponent-BookingComponentTests/Pods-BookingComponent-BookingComponentTests.debug.xcconfig"; sourceTree = "<group>"; };
		567DDF882010FFD400906E80 /* StyleGenerator.swift */ = {isa = PBXFileReference; lastKnownFileType = sourcecode.swift; path = StyleGenerator.swift; sourceTree = "<group>"; };
		567DDF8A2011018F00906E80 /* UIColor+CMPAdditions.swift */ = {isa = PBXFileReference; fileEncoding = 4; lastKnownFileType = sourcecode.swift; path = "UIColor+CMPAdditions.swift"; sourceTree = "<group>"; };
		568FBC2A2011FB620027001F /* String+Ext.swift */ = {isa = PBXFileReference; lastKnownFileType = sourcecode.swift; path = "String+Ext.swift"; sourceTree = "<group>"; };
		568FBC2E20120CB50027001F /* Localizable.strings */ = {isa = PBXFileReference; lastKnownFileType = text.plist.strings; path = Localizable.strings; sourceTree = "<group>"; };
		568FBC3520121B450027001F /* EventHandler.swift */ = {isa = PBXFileReference; lastKnownFileType = sourcecode.swift; path = EventHandler.swift; sourceTree = "<group>"; };
		56943BA9200E0D63001E2D75 /* BookingComponent.app */ = {isa = PBXFileReference; explicitFileType = wrapper.application; includeInIndex = 0; path = BookingComponent.app; sourceTree = BUILT_PRODUCTS_DIR; };
		56943BB3200E0D63001E2D75 /* Assets.xcassets */ = {isa = PBXFileReference; lastKnownFileType = folder.assetcatalog; path = Assets.xcassets; sourceTree = "<group>"; };
		56943BBD200E0D63001E2D75 /* BookingComponentTests.xctest */ = {isa = PBXFileReference; explicitFileType = wrapper.cfbundle; includeInIndex = 0; path = BookingComponentTests.xctest; sourceTree = BUILT_PRODUCTS_DIR; };
		56943BC1200E0D63001E2D75 /* BookingComponentTests.swift */ = {isa = PBXFileReference; lastKnownFileType = sourcecode.swift; path = BookingComponentTests.swift; sourceTree = "<group>"; };
		56943BC3200E0D63001E2D75 /* Info.plist */ = {isa = PBXFileReference; lastKnownFileType = text.plist.xml; path = Info.plist; sourceTree = "<group>"; };
		56943BCF200E1045001E2D75 /* VendorModel.swift */ = {isa = PBXFileReference; fileEncoding = 4; lastKnownFileType = sourcecode.swift; path = VendorModel.swift; sourceTree = "<group>"; };
		56943BD2200E109B001E2D75 /* AppDelegate.swift */ = {isa = PBXFileReference; fileEncoding = 4; lastKnownFileType = sourcecode.swift; path = AppDelegate.swift; sourceTree = "<group>"; };
		56943BD4200E109B001E2D75 /* Info.plist */ = {isa = PBXFileReference; fileEncoding = 4; lastKnownFileType = text.plist.xml; path = Info.plist; sourceTree = "<group>"; };
		56943BD8200E10BB001E2D75 /* MainVC.swift */ = {isa = PBXFileReference; fileEncoding = 4; lastKnownFileType = sourcecode.swift; path = MainVC.swift; sourceTree = "<group>"; };
		56943BDA200E10CD001E2D75 /* CustomerModel.swift */ = {isa = PBXFileReference; lastKnownFileType = sourcecode.swift; path = CustomerModel.swift; sourceTree = "<group>"; };
		56943BDC200E110C001E2D75 /* DataStructHelper.swift */ = {isa = PBXFileReference; lastKnownFileType = sourcecode.swift; path = DataStructHelper.swift; sourceTree = "<group>"; };
		56943BDF200E2B2D001E2D75 /* Date+Ext.swift */ = {isa = PBXFileReference; lastKnownFileType = sourcecode.swift; path = "Date+Ext.swift"; sourceTree = "<group>"; };
		56943BE5200E5456001E2D75 /* BookingController.swift */ = {isa = PBXFileReference; lastKnownFileType = sourcecode.swift; path = BookingController.swift; sourceTree = "<group>"; };
		63A477704F14FD183A6CF152 /* Pods-BookingComponentTests.release.xcconfig */ = {isa = PBXFileReference; includeInIndex = 1; lastKnownFileType = text.xcconfig; name = "Pods-BookingComponentTests.release.xcconfig"; path = "Pods/Target Support Files/Pods-BookingComponentTests/Pods-BookingComponentTests.release.xcconfig"; sourceTree = "<group>"; };
		7E535F1A572996DD238871B4 /* Pods-BookingComponent.release.xcconfig */ = {isa = PBXFileReference; includeInIndex = 1; lastKnownFileType = text.xcconfig; name = "Pods-BookingComponent.release.xcconfig"; path = "Pods/Target Support Files/Pods-BookingComponent/Pods-BookingComponent.release.xcconfig"; sourceTree = "<group>"; };
		802CC5B5E8A801EA85C70F17 /* Pods-BookingComponentTests.debug.xcconfig */ = {isa = PBXFileReference; includeInIndex = 1; lastKnownFileType = text.xcconfig; name = "Pods-BookingComponentTests.debug.xcconfig"; path = "Pods/Target Support Files/Pods-BookingComponentTests/Pods-BookingComponentTests.debug.xcconfig"; sourceTree = "<group>"; };
		9048228CF0B0A6F21C2D304D /* Pods-BookingComponent-BookingComponentTests.release.xcconfig */ = {isa = PBXFileReference; includeInIndex = 1; lastKnownFileType = text.xcconfig; name = "Pods-BookingComponent-BookingComponentTests.release.xcconfig"; path = "Pods/Target Support Files/Pods-BookingComponent-BookingComponentTests/Pods-BookingComponent-BookingComponentTests.release.xcconfig"; sourceTree = "<group>"; };
		A940503C780E7EC429B7FAC4 /* Pods_BookingComponent.framework */ = {isa = PBXFileReference; explicitFileType = wrapper.framework; includeInIndex = 0; path = Pods_BookingComponent.framework; sourceTree = BUILT_PRODUCTS_DIR; };
		B9C3320D57261431256F61D4 /* Pods_BookingComponentTests.framework */ = {isa = PBXFileReference; explicitFileType = wrapper.framework; includeInIndex = 0; path = Pods_BookingComponentTests.framework; sourceTree = BUILT_PRODUCTS_DIR; };
/* End PBXFileReference section */

/* Begin PBXFrameworksBuildPhase section */
		56943BA6200E0D63001E2D75 /* Frameworks */ = {
			isa = PBXFrameworksBuildPhase;
			buildActionMask = 2147483647;
			files = (
				E709DD8C1F666F01C414D3AE /* Pods_BookingComponent.framework in Frameworks */,
			);
			runOnlyForDeploymentPostprocessing = 0;
		};
		56943BBA200E0D63001E2D75 /* Frameworks */ = {
			isa = PBXFrameworksBuildPhase;
			buildActionMask = 2147483647;
			files = (
				68985228A4E4A004A0B2957C /* Pods_BookingComponentTests.framework in Frameworks */,
			);
			runOnlyForDeploymentPostprocessing = 0;
		};
/* End PBXFrameworksBuildPhase section */

/* Begin PBXGroup section */
		211CB5030DA914D63F38F9C4 /* Pods */ = {
			isa = PBXGroup;
			children = (
				308D1DC8CA5415FE5F71A754 /* Pods-BookingComponent.debug.xcconfig */,
				7E535F1A572996DD238871B4 /* Pods-BookingComponent.release.xcconfig */,
				802CC5B5E8A801EA85C70F17 /* Pods-BookingComponentTests.debug.xcconfig */,
				63A477704F14FD183A6CF152 /* Pods-BookingComponentTests.release.xcconfig */,
				31C183A5285AF8DAD2F441B5 /* Pods-BookingComponent-BookingComponentTests.debug.xcconfig */,
				9048228CF0B0A6F21C2D304D /* Pods-BookingComponent-BookingComponentTests.release.xcconfig */,
			);
			name = Pods;
			sourceTree = "<group>";
		};
		56943BA0200E0D63001E2D75 = {
			isa = PBXGroup;
			children = (
				56943BAB200E0D63001E2D75 /* BookingComponent */,
				56943BC0200E0D63001E2D75 /* BookingComponentTests */,
				56943BAA200E0D63001E2D75 /* Products */,
				211CB5030DA914D63F38F9C4 /* Pods */,
				84BE1D6C3C32CBD30DA18E3A /* Frameworks */,
			);
			sourceTree = "<group>";
		};
		56943BAA200E0D63001E2D75 /* Products */ = {
			isa = PBXGroup;
			children = (
				56943BA9200E0D63001E2D75 /* BookingComponent.app */,
				56943BBD200E0D63001E2D75 /* BookingComponentTests.xctest */,
			);
			name = Products;
			sourceTree = "<group>";
		};
		56943BAB200E0D63001E2D75 /* BookingComponent */ = {
			isa = PBXGroup;
			children = (
				56943BDE200E2B1B001E2D75 /* Categories */,
				56943BD7200E10BB001E2D75 /* Controllers */,
				56943BD1200E109B001E2D75 /* Application */,
				56943BCE200E1045001E2D75 /* Models */,
				56943BB3200E0D63001E2D75 /* Assets.xcassets */,
			);
			path = BookingComponent;
			sourceTree = "<group>";
		};
		56943BC0200E0D63001E2D75 /* BookingComponentTests */ = {
			isa = PBXGroup;
			children = (
				56943BC1200E0D63001E2D75 /* BookingComponentTests.swift */,
				56943BC3200E0D63001E2D75 /* Info.plist */,
			);
			path = BookingComponentTests;
			sourceTree = "<group>";
		};
		56943BCE200E1045001E2D75 /* Models */ = {
			isa = PBXGroup;
			children = (
				56943BCF200E1045001E2D75 /* VendorModel.swift */,
				56943BDA200E10CD001E2D75 /* CustomerModel.swift */,
				56943BDC200E110C001E2D75 /* DataStructHelper.swift */,
			);
			path = Models;
			sourceTree = "<group>";
		};
		56943BD1200E109B001E2D75 /* Application */ = {
			isa = PBXGroup;
			children = (
				56943BD2200E109B001E2D75 /* AppDelegate.swift */,
				56943BD3200E109B001E2D75 /* BundleFiles */,
			);
			path = Application;
			sourceTree = "<group>";
		};
		56943BD3200E109B001E2D75 /* BundleFiles */ = {
			isa = PBXGroup;
			children = (
				56943BD4200E109B001E2D75 /* Info.plist */,
				568FBC2E20120CB50027001F /* Localizable.strings */,
			);
			path = BundleFiles;
			sourceTree = "<group>";
		};
		56943BD7200E10BB001E2D75 /* Controllers */ = {
			isa = PBXGroup;
			children = (
				56943BD8200E10BB001E2D75 /* MainVC.swift */,
				56943BE5200E5456001E2D75 /* BookingController.swift */,
				567DDF882010FFD400906E80 /* StyleGenerator.swift */,
				568FBC3520121B450027001F /* EventHandler.swift */,
			);
			path = Controllers;
			sourceTree = "<group>";
		};
		56943BDE200E2B1B001E2D75 /* Categories */ = {
			isa = PBXGroup;
			children = (
				567DDF8A2011018F00906E80 /* UIColor+CMPAdditions.swift */,
				56943BDF200E2B2D001E2D75 /* Date+Ext.swift */,
				568FBC2A2011FB620027001F /* String+Ext.swift */,
			);
			path = Categories;
			sourceTree = "<group>";
		};
		84BE1D6C3C32CBD30DA18E3A /* Frameworks */ = {
			isa = PBXGroup;
			children = (
				A940503C780E7EC429B7FAC4 /* Pods_BookingComponent.framework */,
				B9C3320D57261431256F61D4 /* Pods_BookingComponentTests.framework */,
			);
			name = Frameworks;
			sourceTree = "<group>";
		};
/* End PBXGroup section */

/* Begin PBXNativeTarget section */
		56943BA8200E0D63001E2D75 /* BookingComponent */ = {
			isa = PBXNativeTarget;
			buildConfigurationList = 56943BC6200E0D63001E2D75 /* Build configuration list for PBXNativeTarget "BookingComponent" */;
			buildPhases = (
				E1A20A1EA1BD410B097DE256 /* [CP] Check Pods Manifest.lock */,
				56943BA5200E0D63001E2D75 /* Sources */,
				56943BA6200E0D63001E2D75 /* Frameworks */,
				56943BA7200E0D63001E2D75 /* Resources */,
				B8BC638D9601C312581301E4 /* [CP] Embed Pods Frameworks */,
				A874CD48855291F8666C421E /* [CP] Copy Pods Resources */,
			);
			buildRules = (
			);
			dependencies = (
			);
			name = BookingComponent;
			productName = BookingComponent;
			productReference = 56943BA9200E0D63001E2D75 /* BookingComponent.app */;
			productType = "com.apple.product-type.application";
		};
		56943BBC200E0D63001E2D75 /* BookingComponentTests */ = {
			isa = PBXNativeTarget;
			buildConfigurationList = 56943BC9200E0D63001E2D75 /* Build configuration list for PBXNativeTarget "BookingComponentTests" */;
			buildPhases = (
				C4ADEDD3E49FB8511E38B221 /* [CP] Check Pods Manifest.lock */,
				56943BB9200E0D63001E2D75 /* Sources */,
				56943BBA200E0D63001E2D75 /* Frameworks */,
				56943BBB200E0D63001E2D75 /* Resources */,
				BB2514B4846A90B25AC4C995 /* [CP] Embed Pods Frameworks */,
				15A4A78230DFB445ECE19F5C /* [CP] Copy Pods Resources */,
			);
			buildRules = (
			);
			dependencies = (
				56943BBF200E0D63001E2D75 /* PBXTargetDependency */,
			);
			name = BookingComponentTests;
			productName = BookingComponentTests;
			productReference = 56943BBD200E0D63001E2D75 /* BookingComponentTests.xctest */;
			productType = "com.apple.product-type.bundle.unit-test";
		};
/* End PBXNativeTarget section */

/* Begin PBXProject section */
		56943BA1200E0D63001E2D75 /* Project object */ = {
			isa = PBXProject;
			attributes = {
				LastSwiftUpdateCheck = 0920;
				LastUpgradeCheck = 0920;
				ORGANIZATIONNAME = Anoda;
				TargetAttributes = {
					56943BA8200E0D63001E2D75 = {
						CreatedOnToolsVersion = 9.2;
						ProvisioningStyle = Automatic;
					};
					56943BBC200E0D63001E2D75 = {
						CreatedOnToolsVersion = 9.2;
						ProvisioningStyle = Automatic;
						TestTargetID = 56943BA8200E0D63001E2D75;
					};
				};
			};
			buildConfigurationList = 56943BA4200E0D63001E2D75 /* Build configuration list for PBXProject "BookingComponent" */;
			compatibilityVersion = "Xcode 8.0";
			developmentRegion = en;
			hasScannedForEncodings = 0;
			knownRegions = (
			);
			mainGroup = 56943BA0200E0D63001E2D75;
			productRefGroup = 56943BAA200E0D63001E2D75 /* Products */;
			projectDirPath = "";
			projectRoot = "";
			targets = (
				56943BA8200E0D63001E2D75 /* BookingComponent */,
				56943BBC200E0D63001E2D75 /* BookingComponentTests */,
			);
		};
/* End PBXProject section */

/* Begin PBXResourcesBuildPhase section */
		56943BA7200E0D63001E2D75 /* Resources */ = {
			isa = PBXResourcesBuildPhase;
			buildActionMask = 2147483647;
			files = (
				56943BD6200E109B001E2D75 /* Info.plist in Resources */,
				568FBC2F20120CB50027001F /* Localizable.strings in Resources */,
				56943BB4200E0D63001E2D75 /* Assets.xcassets in Resources */,
			);
			runOnlyForDeploymentPostprocessing = 0;
		};
		56943BBB200E0D63001E2D75 /* Resources */ = {
			isa = PBXResourcesBuildPhase;
			buildActionMask = 2147483647;
			files = (
			);
			runOnlyForDeploymentPostprocessing = 0;
		};
/* End PBXResourcesBuildPhase section */

/* Begin PBXShellScriptBuildPhase section */
		15A4A78230DFB445ECE19F5C /* [CP] Copy Pods Resources */ = {
			isa = PBXShellScriptBuildPhase;
			buildActionMask = 2147483647;
			files = (
			);
			inputPaths = (
			);
			name = "[CP] Copy Pods Resources";
			outputPaths = (
			);
			runOnlyForDeploymentPostprocessing = 0;
			shellPath = /bin/sh;
			shellScript = "\"${SRCROOT}/Pods/Target Support Files/Pods-BookingComponentTests/Pods-BookingComponentTests-resources.sh\"\n";
			showEnvVarsInLog = 0;
		};
		A874CD48855291F8666C421E /* [CP] Copy Pods Resources */ = {
			isa = PBXShellScriptBuildPhase;
			buildActionMask = 2147483647;
			files = (
			);
			inputPaths = (
			);
			name = "[CP] Copy Pods Resources";
			outputPaths = (
			);
			runOnlyForDeploymentPostprocessing = 0;
			shellPath = /bin/sh;
			shellScript = "\"${SRCROOT}/Pods/Target Support Files/Pods-BookingComponent/Pods-BookingComponent-resources.sh\"\n";
			showEnvVarsInLog = 0;
		};
		B8BC638D9601C312581301E4 /* [CP] Embed Pods Frameworks */ = {
			isa = PBXShellScriptBuildPhase;
			buildActionMask = 2147483647;
			files = (
			);
			inputPaths = (
				"${SRCROOT}/Pods/Target Support Files/Pods-BookingComponent/Pods-BookingComponent-frameworks.sh",
				"${BUILT_PRODUCTS_DIR}/CalendarKit/CalendarKit.framework",
				"${BUILT_PRODUCTS_DIR}/DateToolsSwift/DateToolsSwift.framework",
				"${BUILT_PRODUCTS_DIR}/Neon/Neon.framework",
				"${BUILT_PRODUCTS_DIR}/SnapKit/SnapKit.framework",
				"${BUILT_PRODUCTS_DIR}/SwiftyUserDefaults/SwiftyUserDefaults.framework",
				"${BUILT_PRODUCTS_DIR}/UIImagePDF/UIImagePDF.framework",
			);
			name = "[CP] Embed Pods Frameworks";
			outputPaths = (
				"${TARGET_BUILD_DIR}/${FRAMEWORKS_FOLDER_PATH}/CalendarKit.framework",
				"${TARGET_BUILD_DIR}/${FRAMEWORKS_FOLDER_PATH}/DateToolsSwift.framework",
				"${TARGET_BUILD_DIR}/${FRAMEWORKS_FOLDER_PATH}/Neon.framework",
				"${TARGET_BUILD_DIR}/${FRAMEWORKS_FOLDER_PATH}/SnapKit.framework",
				"${TARGET_BUILD_DIR}/${FRAMEWORKS_FOLDER_PATH}/SwiftyUserDefaults.framework",
				"${TARGET_BUILD_DIR}/${FRAMEWORKS_FOLDER_PATH}/UIImagePDF.framework",
			);
			runOnlyForDeploymentPostprocessing = 0;
			shellPath = /bin/sh;
			shellScript = "\"${SRCROOT}/Pods/Target Support Files/Pods-BookingComponent/Pods-BookingComponent-frameworks.sh\"\n";
			showEnvVarsInLog = 0;
		};
		BB2514B4846A90B25AC4C995 /* [CP] Embed Pods Frameworks */ = {
			isa = PBXShellScriptBuildPhase;
			buildActionMask = 2147483647;
			files = (
			);
			inputPaths = (
				"${SRCROOT}/Pods/Target Support Files/Pods-BookingComponentTests/Pods-BookingComponentTests-frameworks.sh",
				"${BUILT_PRODUCTS_DIR}/Nimble/Nimble.framework",
				"${BUILT_PRODUCTS_DIR}/Quick/Quick.framework",
			);
			name = "[CP] Embed Pods Frameworks";
			outputPaths = (
				"${TARGET_BUILD_DIR}/${FRAMEWORKS_FOLDER_PATH}/Nimble.framework",
				"${TARGET_BUILD_DIR}/${FRAMEWORKS_FOLDER_PATH}/Quick.framework",
			);
			runOnlyForDeploymentPostprocessing = 0;
			shellPath = /bin/sh;
			shellScript = "\"${SRCROOT}/Pods/Target Support Files/Pods-BookingComponentTests/Pods-BookingComponentTests-frameworks.sh\"\n";
			showEnvVarsInLog = 0;
		};
		C4ADEDD3E49FB8511E38B221 /* [CP] Check Pods Manifest.lock */ = {
			isa = PBXShellScriptBuildPhase;
			buildActionMask = 2147483647;
			files = (
			);
			inputPaths = (
				"${PODS_PODFILE_DIR_PATH}/Podfile.lock",
				"${PODS_ROOT}/Manifest.lock",
			);
			name = "[CP] Check Pods Manifest.lock";
			outputPaths = (
				"$(DERIVED_FILE_DIR)/Pods-BookingComponentTests-checkManifestLockResult.txt",
			);
			runOnlyForDeploymentPostprocessing = 0;
			shellPath = /bin/sh;
			shellScript = "diff \"${PODS_PODFILE_DIR_PATH}/Podfile.lock\" \"${PODS_ROOT}/Manifest.lock\" > /dev/null\nif [ $? != 0 ] ; then\n    # print error to STDERR\n    echo \"error: The sandbox is not in sync with the Podfile.lock. Run 'pod install' or update your CocoaPods installation.\" >&2\n    exit 1\nfi\n# This output is used by Xcode 'outputs' to avoid re-running this script phase.\necho \"SUCCESS\" > \"${SCRIPT_OUTPUT_FILE_0}\"\n";
			showEnvVarsInLog = 0;
		};
		E1A20A1EA1BD410B097DE256 /* [CP] Check Pods Manifest.lock */ = {
			isa = PBXShellScriptBuildPhase;
			buildActionMask = 2147483647;
			files = (
			);
			inputPaths = (
				"${PODS_PODFILE_DIR_PATH}/Podfile.lock",
				"${PODS_ROOT}/Manifest.lock",
			);
			name = "[CP] Check Pods Manifest.lock";
			outputPaths = (
				"$(DERIVED_FILE_DIR)/Pods-BookingComponent-checkManifestLockResult.txt",
			);
			runOnlyForDeploymentPostprocessing = 0;
			shellPath = /bin/sh;
			shellScript = "diff \"${PODS_PODFILE_DIR_PATH}/Podfile.lock\" \"${PODS_ROOT}/Manifest.lock\" > /dev/null\nif [ $? != 0 ] ; then\n    # print error to STDERR\n    echo \"error: The sandbox is not in sync with the Podfile.lock. Run 'pod install' or update your CocoaPods installation.\" >&2\n    exit 1\nfi\n# This output is used by Xcode 'outputs' to avoid re-running this script phase.\necho \"SUCCESS\" > \"${SCRIPT_OUTPUT_FILE_0}\"\n";
			showEnvVarsInLog = 0;
		};
/* End PBXShellScriptBuildPhase section */

/* Begin PBXSourcesBuildPhase section */
		56943BA5200E0D63001E2D75 /* Sources */ = {
			isa = PBXSourcesBuildPhase;
			buildActionMask = 2147483647;
			files = (
				56943BD5200E109B001E2D75 /* AppDelegate.swift in Sources */,
				56943BE6200E5456001E2D75 /* BookingController.swift in Sources */,
				56943BD9200E10BB001E2D75 /* MainVC.swift in Sources */,
				56943BDD200E110C001E2D75 /* DataStructHelper.swift in Sources */,
				56943BE0200E2B2D001E2D75 /* Date+Ext.swift in Sources */,
				56943BD0200E1045001E2D75 /* VendorModel.swift in Sources */,
				56943BDB200E10CD001E2D75 /* CustomerModel.swift in Sources */,
				568FBC3620121B450027001F /* EventHandler.swift in Sources */,
				567DDF8B2011018F00906E80 /* UIColor+CMPAdditions.swift in Sources */,
				568FBC2B2011FB620027001F /* String+Ext.swift in Sources */,
				567DDF892010FFD400906E80 /* StyleGenerator.swift in Sources */,
			);
			runOnlyForDeploymentPostprocessing = 0;
		};
		56943BB9200E0D63001E2D75 /* Sources */ = {
			isa = PBXSourcesBuildPhase;
			buildActionMask = 2147483647;
			files = (
				56943BC2200E0D63001E2D75 /* BookingComponentTests.swift in Sources */,
			);
			runOnlyForDeploymentPostprocessing = 0;
		};
/* End PBXSourcesBuildPhase section */

/* Begin PBXTargetDependency section */
		56943BBF200E0D63001E2D75 /* PBXTargetDependency */ = {
			isa = PBXTargetDependency;
			target = 56943BA8200E0D63001E2D75 /* BookingComponent */;
			targetProxy = 56943BBE200E0D63001E2D75 /* PBXContainerItemProxy */;
		};
/* End PBXTargetDependency section */

/* Begin XCBuildConfiguration section */
		56943BC4200E0D63001E2D75 /* Debug */ = {
			isa = XCBuildConfiguration;
			buildSettings = {
				ALWAYS_SEARCH_USER_PATHS = NO;
				CLANG_ANALYZER_NONNULL = YES;
				CLANG_ANALYZER_NUMBER_OBJECT_CONVERSION = YES_AGGRESSIVE;
				CLANG_CXX_LANGUAGE_STANDARD = "gnu++14";
				CLANG_CXX_LIBRARY = "libc++";
				CLANG_ENABLE_MODULES = YES;
				CLANG_ENABLE_OBJC_ARC = YES;
				CLANG_WARN_BLOCK_CAPTURE_AUTORELEASING = YES;
				CLANG_WARN_BOOL_CONVERSION = YES;
				CLANG_WARN_COMMA = YES;
				CLANG_WARN_CONSTANT_CONVERSION = YES;
				CLANG_WARN_DIRECT_OBJC_ISA_USAGE = YES_ERROR;
				CLANG_WARN_DOCUMENTATION_COMMENTS = YES;
				CLANG_WARN_EMPTY_BODY = YES;
				CLANG_WARN_ENUM_CONVERSION = YES;
				CLANG_WARN_INFINITE_RECURSION = YES;
				CLANG_WARN_INT_CONVERSION = YES;
				CLANG_WARN_NON_LITERAL_NULL_CONVERSION = YES;
				CLANG_WARN_OBJC_LITERAL_CONVERSION = YES;
				CLANG_WARN_OBJC_ROOT_CLASS = YES_ERROR;
				CLANG_WARN_RANGE_LOOP_ANALYSIS = YES;
				CLANG_WARN_STRICT_PROTOTYPES = YES;
				CLANG_WARN_SUSPICIOUS_MOVE = YES;
				CLANG_WARN_UNGUARDED_AVAILABILITY = YES_AGGRESSIVE;
				CLANG_WARN_UNREACHABLE_CODE = YES;
				CLANG_WARN__DUPLICATE_METHOD_MATCH = YES;
				CODE_SIGN_IDENTITY = "iPhone Developer";
				COPY_PHASE_STRIP = NO;
				DEBUG_INFORMATION_FORMAT = dwarf;
				ENABLE_STRICT_OBJC_MSGSEND = YES;
				ENABLE_TESTABILITY = YES;
				GCC_C_LANGUAGE_STANDARD = gnu11;
				GCC_DYNAMIC_NO_PIC = NO;
				GCC_NO_COMMON_BLOCKS = YES;
				GCC_OPTIMIZATION_LEVEL = 0;
				GCC_PREPROCESSOR_DEFINITIONS = (
					"DEBUG=1",
					"$(inherited)",
				);
				GCC_WARN_64_TO_32_BIT_CONVERSION = YES;
				GCC_WARN_ABOUT_RETURN_TYPE = YES_ERROR;
				GCC_WARN_UNDECLARED_SELECTOR = YES;
				GCC_WARN_UNINITIALIZED_AUTOS = YES_AGGRESSIVE;
				GCC_WARN_UNUSED_FUNCTION = YES;
				GCC_WARN_UNUSED_VARIABLE = YES;
				IPHONEOS_DEPLOYMENT_TARGET = 10.3;
				MTL_ENABLE_DEBUG_INFO = YES;
				ONLY_ACTIVE_ARCH = YES;
				SDKROOT = iphoneos;
				SWIFT_ACTIVE_COMPILATION_CONDITIONS = DEBUG;
				SWIFT_OPTIMIZATION_LEVEL = "-Onone";
			};
			name = Debug;
		};
		56943BC5200E0D63001E2D75 /* Release */ = {
			isa = XCBuildConfiguration;
			buildSettings = {
				ALWAYS_SEARCH_USER_PATHS = NO;
				CLANG_ANALYZER_NONNULL = YES;
				CLANG_ANALYZER_NUMBER_OBJECT_CONVERSION = YES_AGGRESSIVE;
				CLANG_CXX_LANGUAGE_STANDARD = "gnu++14";
				CLANG_CXX_LIBRARY = "libc++";
				CLANG_ENABLE_MODULES = YES;
				CLANG_ENABLE_OBJC_ARC = YES;
				CLANG_WARN_BLOCK_CAPTURE_AUTORELEASING = YES;
				CLANG_WARN_BOOL_CONVERSION = YES;
				CLANG_WARN_COMMA = YES;
				CLANG_WARN_CONSTANT_CONVERSION = YES;
				CLANG_WARN_DIRECT_OBJC_ISA_USAGE = YES_ERROR;
				CLANG_WARN_DOCUMENTATION_COMMENTS = YES;
				CLANG_WARN_EMPTY_BODY = YES;
				CLANG_WARN_ENUM_CONVERSION = YES;
				CLANG_WARN_INFINITE_RECURSION = YES;
				CLANG_WARN_INT_CONVERSION = YES;
				CLANG_WARN_NON_LITERAL_NULL_CONVERSION = YES;
				CLANG_WARN_OBJC_LITERAL_CONVERSION = YES;
				CLANG_WARN_OBJC_ROOT_CLASS = YES_ERROR;
				CLANG_WARN_RANGE_LOOP_ANALYSIS = YES;
				CLANG_WARN_STRICT_PROTOTYPES = YES;
				CLANG_WARN_SUSPICIOUS_MOVE = YES;
				CLANG_WARN_UNGUARDED_AVAILABILITY = YES_AGGRESSIVE;
				CLANG_WARN_UNREACHABLE_CODE = YES;
				CLANG_WARN__DUPLICATE_METHOD_MATCH = YES;
				CODE_SIGN_IDENTITY = "iPhone Developer";
				COPY_PHASE_STRIP = NO;
				DEBUG_INFORMATION_FORMAT = "dwarf-with-dsym";
				ENABLE_NS_ASSERTIONS = NO;
				ENABLE_STRICT_OBJC_MSGSEND = YES;
				GCC_C_LANGUAGE_STANDARD = gnu11;
				GCC_NO_COMMON_BLOCKS = YES;
				GCC_WARN_64_TO_32_BIT_CONVERSION = YES;
				GCC_WARN_ABOUT_RETURN_TYPE = YES_ERROR;
				GCC_WARN_UNDECLARED_SELECTOR = YES;
				GCC_WARN_UNINITIALIZED_AUTOS = YES_AGGRESSIVE;
				GCC_WARN_UNUSED_FUNCTION = YES;
				GCC_WARN_UNUSED_VARIABLE = YES;
				IPHONEOS_DEPLOYMENT_TARGET = 10.3;
				MTL_ENABLE_DEBUG_INFO = NO;
				SDKROOT = iphoneos;
				SWIFT_OPTIMIZATION_LEVEL = "-Owholemodule";
				VALIDATE_PRODUCT = YES;
			};
			name = Release;
		};
		56943BC7200E0D63001E2D75 /* Debug */ = {
			isa = XCBuildConfiguration;
			baseConfigurationReference = 308D1DC8CA5415FE5F71A754 /* Pods-BookingComponent.debug.xcconfig */;
			buildSettings = {
				ASSETCATALOG_COMPILER_APPICON_NAME = AppIcon;
				CODE_SIGN_STYLE = Automatic;
				DEVELOPMENT_TEAM = 7VYW9J77NX;
				INFOPLIST_FILE = "$(SRCROOT)/BookingComponent/Application/BundleFiles/Info.plist";
				IPHONEOS_DEPLOYMENT_TARGET = 10.3;
				LD_RUNPATH_SEARCH_PATHS = "$(inherited) @executable_path/Frameworks";
				PRODUCT_BUNDLE_IDENTIFIER = Anoda.BookingComponent;
				PRODUCT_NAME = "$(TARGET_NAME)";
				SWIFT_VERSION = 4.0;
				TARGETED_DEVICE_FAMILY = 1;
			};
			name = Debug;
		};
		56943BC8200E0D63001E2D75 /* Release */ = {
			isa = XCBuildConfiguration;
			baseConfigurationReference = 7E535F1A572996DD238871B4 /* Pods-BookingComponent.release.xcconfig */;
			buildSettings = {
				ASSETCATALOG_COMPILER_APPICON_NAME = AppIcon;
				CODE_SIGN_STYLE = Automatic;
				DEVELOPMENT_TEAM = 7VYW9J77NX;
				INFOPLIST_FILE = "$(SRCROOT)/BookingComponent/Application/BundleFiles/Info.plist";
				IPHONEOS_DEPLOYMENT_TARGET = 10.3;
				LD_RUNPATH_SEARCH_PATHS = "$(inherited) @executable_path/Frameworks";
				PRODUCT_BUNDLE_IDENTIFIER = Anoda.BookingComponent;
				PRODUCT_NAME = "$(TARGET_NAME)";
				SWIFT_VERSION = 4.0;
				TARGETED_DEVICE_FAMILY = 1;
			};
			name = Release;
		};
		56943BCA200E0D63001E2D75 /* Debug */ = {
			isa = XCBuildConfiguration;
			baseConfigurationReference = 802CC5B5E8A801EA85C70F17 /* Pods-BookingComponentTests.debug.xcconfig */;
			buildSettings = {
				ALWAYS_EMBED_SWIFT_STANDARD_LIBRARIES = "$(inherited)";
				BUNDLE_LOADER = "$(TEST_HOST)";
				CODE_SIGN_STYLE = Automatic;
				DEVELOPMENT_TEAM = 7VYW9J77NX;
				INFOPLIST_FILE = BookingComponentTests/Info.plist;
				LD_RUNPATH_SEARCH_PATHS = "$(inherited) @executable_path/Frameworks @loader_path/Frameworks";
				PRODUCT_BUNDLE_IDENTIFIER = Anoda.BookingComponentTests;
				PRODUCT_NAME = "$(TARGET_NAME)";
				SWIFT_VERSION = 4.0;
				TARGETED_DEVICE_FAMILY = "1,2";
				TEST_HOST = "$(BUILT_PRODUCTS_DIR)/BookingComponent.app/BookingComponent";
			};
			name = Debug;
		};
		56943BCB200E0D63001E2D75 /* Release */ = {
			isa = XCBuildConfiguration;
			baseConfigurationReference = 63A477704F14FD183A6CF152 /* Pods-BookingComponentTests.release.xcconfig */;
			buildSettings = {
				ALWAYS_EMBED_SWIFT_STANDARD_LIBRARIES = "$(inherited)";
				BUNDLE_LOADER = "$(TEST_HOST)";
				CODE_SIGN_STYLE = Automatic;
				DEVELOPMENT_TEAM = 7VYW9J77NX;
				INFOPLIST_FILE = BookingComponentTests/Info.plist;
				LD_RUNPATH_SEARCH_PATHS = "$(inherited) @executable_path/Frameworks @loader_path/Frameworks";
				PRODUCT_BUNDLE_IDENTIFIER = Anoda.BookingComponentTests;
				PRODUCT_NAME = "$(TARGET_NAME)";
				SWIFT_VERSION = 4.0;
				TARGETED_DEVICE_FAMILY = "1,2";
				TEST_HOST = "$(BUILT_PRODUCTS_DIR)/BookingComponent.app/BookingComponent";
			};
			name = Release;
		};
/* End XCBuildConfiguration section */

/* Begin XCConfigurationList section */
		56943BA4200E0D63001E2D75 /* Build configuration list for PBXProject "BookingComponent" */ = {
			isa = XCConfigurationList;
			buildConfigurations = (
				56943BC4200E0D63001E2D75 /* Debug */,
				56943BC5200E0D63001E2D75 /* Release */,
			);
			defaultConfigurationIsVisible = 0;
			defaultConfigurationName = Release;
		};
		56943BC6200E0D63001E2D75 /* Build configuration list for PBXNativeTarget "BookingComponent" */ = {
			isa = XCConfigurationList;
			buildConfigurations = (
				56943BC7200E0D63001E2D75 /* Debug */,
				56943BC8200E0D63001E2D75 /* Release */,
			);
			defaultConfigurationIsVisible = 0;
			defaultConfigurationName = Release;
		};
		56943BC9200E0D63001E2D75 /* Build configuration list for PBXNativeTarget "BookingComponentTests" */ = {
			isa = XCConfigurationList;
			buildConfigurations = (
				56943BCA200E0D63001E2D75 /* Debug */,
				56943BCB200E0D63001E2D75 /* Release */,
			);
			defaultConfigurationIsVisible = 0;
			defaultConfigurationName = Release;
		};
/* End XCConfigurationList section */
	};
	rootObject = 56943BA1200E0D63001E2D75 /* Project object */;
}
